{
  "version": 4,
  "terraform_version": "1.10.1",
  "serial": 873,
  "lineage": "396328d1-9768-9c94-fb8c-d2783394e61c",
  "outputs": {
    "api_gateway_url": {
      "value": "https://jmk09ry1l2.execute-api.eu-west-1.amazonaws.com/prod",
      "type": "string"
    },
    "ec2_public_ip": {
      "value": "52.209.221.233",
      "type": "string"
    }
  },
  "resources": [
    {
      "mode": "managed",
      "type": "aws_apigatewayv2_api",
      "name": "my_http_api",
      "provider": "provider[\"registry.terraform.io/hashicorp/aws\"]",
      "instances": [
        {
          "schema_version": 0,
          "attributes": {
            "api_endpoint": "https://jmk09ry1l2.execute-api.eu-west-1.amazonaws.com",
            "api_key_selection_expression": "$request.header.x-api-key",
            "arn": "arn:aws:apigateway:eu-west-1::/apis/jmk09ry1l2",
            "body": null,
            "cors_configuration": [],
            "credentials_arn": null,
            "description": "",
            "disable_execute_api_endpoint": false,
            "execution_arn": "arn:aws:execute-api:eu-west-1:615299750282:jmk09ry1l2",
            "fail_on_warnings": null,
            "id": "jmk09ry1l2",
            "name": "my-http-api",
            "protocol_type": "HTTP",
            "route_key": null,
            "route_selection_expression": "$request.method $request.path",
            "tags": null,
            "tags_all": {},
            "target": null,
            "version": ""
          },
          "sensitive_attributes": [],
          "private": "bnVsbA=="
        }
      ]
    },
    {
      "mode": "managed",
      "type": "aws_apigatewayv2_integration",
      "name": "my_lambda_integration",
      "provider": "provider[\"registry.terraform.io/hashicorp/aws\"]",
      "instances": [
        {
          "schema_version": 0,
          "attributes": {
            "api_id": "jmk09ry1l2",
            "connection_id": "",
            "connection_type": "INTERNET",
            "content_handling_strategy": "",
            "credentials_arn": "",
            "description": "",
            "id": "h2v0spu",
            "integration_method": "POST",
            "integration_response_selection_expression": "",
            "integration_subtype": "",
            "integration_type": "AWS_PROXY",
            "integration_uri": "arn:aws:lambda:eu-west-1:615299750282:function:myLambdaFunction",
            "passthrough_behavior": "",
            "payload_format_version": "2.0",
            "request_parameters": null,
            "request_templates": null,
            "response_parameters": [],
            "template_selection_expression": "",
            "timeout_milliseconds": 30000,
            "tls_config": []
          },
          "sensitive_attributes": [],
          "private": "bnVsbA==",
          "dependencies": [
            "aws_apigatewayv2_api.my_http_api",
            "aws_iam_instance_profile.ec2_instance_profile",
            "aws_iam_role.ec2_role",
            "aws_iam_role.lambda_execution_role",
            "aws_instance.my_ec2",
            "aws_key_pair.generated_key",
            "aws_lambda_function.my_lambda",
            "aws_s3_bucket.my_bucket",
            "random_string.bucket_suffix",
            "tls_private_key.ssh_key"
          ]
        }
      ]
    },
    {
      "mode": "managed",
      "type": "aws_apigatewayv2_route",
      "name": "my_lambda_route",
      "provider": "provider[\"registry.terraform.io/hashicorp/aws\"]",
      "instances": [
        {
          "schema_version": 0,
          "attributes": {
            "api_id": "jmk09ry1l2",
            "api_key_required": false,
            "authorization_scopes": null,
            "authorization_type": "NONE",
            "authorizer_id": "",
            "id": "3tcqu57",
            "model_selection_expression": "",
            "operation_name": "",
            "request_models": null,
            "request_parameter": [],
            "route_key": "POST /",
            "route_response_selection_expression": "",
            "target": "integrations/h2v0spu"
          },
          "sensitive_attributes": [],
          "private": "bnVsbA==",
          "dependencies": [
            "aws_apigatewayv2_api.my_http_api",
            "aws_apigatewayv2_integration.my_lambda_integration",
            "aws_iam_instance_profile.ec2_instance_profile",
            "aws_iam_role.ec2_role",
            "aws_iam_role.lambda_execution_role",
            "aws_instance.my_ec2",
            "aws_key_pair.generated_key",
            "aws_lambda_function.my_lambda",
            "aws_s3_bucket.my_bucket",
            "random_string.bucket_suffix",
            "tls_private_key.ssh_key"
          ]
        }
      ]
    },
    {
      "mode": "managed",
      "type": "aws_apigatewayv2_stage",
      "name": "my_stage",
      "provider": "provider[\"registry.terraform.io/hashicorp/aws\"]",
      "instances": [
        {
          "schema_version": 0,
          "attributes": {
            "access_log_settings": [],
            "api_id": "jmk09ry1l2",
            "arn": "arn:aws:apigateway:eu-west-1::/apis/jmk09ry1l2/stages/prod",
            "auto_deploy": true,
            "client_certificate_id": "",
            "default_route_settings": [
              {
                "data_trace_enabled": false,
                "detailed_metrics_enabled": false,
                "logging_level": "",
                "throttling_burst_limit": 0,
                "throttling_rate_limit": 0
              }
            ],
            "deployment_id": "",
            "description": "",
            "execution_arn": "arn:aws:execute-api:eu-west-1:615299750282:jmk09ry1l2/prod",
            "id": "prod",
            "invoke_url": "https://jmk09ry1l2.execute-api.eu-west-1.amazonaws.com/prod",
            "name": "prod",
            "route_settings": [],
            "stage_variables": null,
            "tags": null,
            "tags_all": {}
          },
          "sensitive_attributes": [],
          "private": "bnVsbA==",
          "dependencies": [
            "aws_apigatewayv2_api.my_http_api"
          ]
        }
      ]
    },
    {
      "mode": "managed",
      "type": "aws_iam_instance_profile",
      "name": "ec2_instance_profile",
      "provider": "provider[\"registry.terraform.io/hashicorp/aws\"]",
      "instances": [
        {
          "schema_version": 0,
          "attributes": {
            "arn": "arn:aws:iam::615299750282:instance-profile/EC2InstanceProfileWithS3Access",
            "create_date": "2024-12-19T18:41:23Z",
            "id": "EC2InstanceProfileWithS3Access",
            "name": "EC2InstanceProfileWithS3Access",
            "name_prefix": "",
            "path": "/",
            "role": "EC2RoleWithS3Access",
            "tags": null,
            "tags_all": {},
            "unique_id": "AIPAY6QVZDGFLKPNG7WON"
          },
          "sensitive_attributes": [],
          "private": "bnVsbA==",
          "dependencies": [
            "aws_iam_role.ec2_role"
          ]
        }
      ]
    },
    {
      "mode": "managed",
      "type": "aws_iam_policy",
      "name": "s3_sync_policy",
      "provider": "provider[\"registry.terraform.io/hashicorp/aws\"]",
      "instances": [
        {
          "schema_version": 0,
          "attributes": {
            "arn": "arn:aws:iam::615299750282:policy/S3SyncPolicy",
            "attachment_count": 0,
            "description": "Allow EC2 to sync files from S3",
            "id": "arn:aws:iam::615299750282:policy/S3SyncPolicy",
            "name": "S3SyncPolicy",
            "name_prefix": "",
            "path": "/",
            "policy": "{\"Statement\":[{\"Action\":[\"s3:ListBucket\",\"s3:GetObject\",\"s3:Sync\"],\"Effect\":\"Allow\",\"Resource\":[\"arn:aws:s3:::r0845037-al7tab2d\",\"arn:aws:s3:::r0845037-al7tab2d/*\"]}],\"Version\":\"2012-10-17\"}",
            "policy_id": "ANPAY6QVZDGFHYKAMVSHH",
            "tags": null,
            "tags_all": {}
          },
          "sensitive_attributes": [],
          "private": "bnVsbA==",
          "dependencies": [
            "aws_s3_bucket.my_bucket",
            "random_string.bucket_suffix"
          ]
        }
      ]
    },
    {
      "mode": "managed",
      "type": "aws_iam_role",
      "name": "ec2_role",
      "provider": "provider[\"registry.terraform.io/hashicorp/aws\"]",
      "instances": [
        {
          "schema_version": 0,
          "attributes": {
            "arn": "arn:aws:iam::615299750282:role/EC2RoleWithS3Access",
            "assume_role_policy": "{\"Statement\":[{\"Action\":\"sts:AssumeRole\",\"Effect\":\"Allow\",\"Principal\":{\"Service\":\"ec2.amazonaws.com\"}}],\"Version\":\"2012-10-17\"}",
            "create_date": "2024-12-19T18:41:23Z",
            "description": "",
            "force_detach_policies": false,
            "id": "EC2RoleWithS3Access",
            "inline_policy": [],
            "managed_policy_arns": [],
            "max_session_duration": 3600,
            "name": "EC2RoleWithS3Access",
            "name_prefix": "",
            "path": "/",
            "permissions_boundary": "",
            "tags": null,
            "tags_all": {},
            "unique_id": "AROAY6QVZDGFENN25E6WX"
          },
          "sensitive_attributes": [],
          "private": "bnVsbA=="
        }
      ]
    },
    {
      "mode": "managed",
      "type": "aws_iam_role",
      "name": "lambda_execution_role",
      "provider": "provider[\"registry.terraform.io/hashicorp/aws\"]",
      "instances": [
        {
          "schema_version": 0,
          "attributes": {
            "arn": "arn:aws:iam::615299750282:role/lambda_execution_role",
            "assume_role_policy": "{\"Statement\":[{\"Action\":\"sts:AssumeRole\",\"Effect\":\"Allow\",\"Principal\":{\"Service\":\"lambda.amazonaws.com\"}}],\"Version\":\"2012-10-17\"}",
            "create_date": "2024-12-19T18:41:23Z",
            "description": "",
            "force_detach_policies": false,
            "id": "lambda_execution_role",
            "inline_policy": [],
            "managed_policy_arns": [],
            "max_session_duration": 3600,
            "name": "lambda_execution_role",
            "name_prefix": "",
            "path": "/",
            "permissions_boundary": "",
            "tags": null,
            "tags_all": {},
            "unique_id": "AROAY6QVZDGFIEX73ZDZP"
          },
          "sensitive_attributes": [],
          "private": "bnVsbA=="
        }
      ]
    },
    {
      "mode": "managed",
      "type": "aws_iam_role_policy",
      "name": "lambda_s3_policy",
      "provider": "provider[\"registry.terraform.io/hashicorp/aws\"]",
      "instances": [
        {
          "schema_version": 0,
          "attributes": {
            "id": "lambda_execution_role:LambdaS3PutObjectPolicy",
            "name": "LambdaS3PutObjectPolicy",
            "name_prefix": "",
            "policy": "{\"Version\":\"2012-10-17\",\"Statement\":[{\"Action\":\"s3:PutObject\",\"Effect\":\"Allow\",\"Resource\":\"arn:aws:s3:::r0845037-al7tab2d/*\"}]}",
            "role": "lambda_execution_role"
          },
          "sensitive_attributes": [],
          "private": "bnVsbA==",
          "dependencies": [
            "aws_iam_role.lambda_execution_role",
            "aws_s3_bucket.my_bucket",
            "random_string.bucket_suffix"
          ]
        }
      ]
    },
    {
      "mode": "managed",
      "type": "aws_iam_role_policy_attachment",
      "name": "ec2_role_policy_attachment",
      "provider": "provider[\"registry.terraform.io/hashicorp/aws\"]",
      "instances": [
        {
          "schema_version": 0,
          "attributes": {
            "id": "EC2RoleWithS3Access-20241219184126463400000001",
            "policy_arn": "arn:aws:iam::615299750282:policy/S3SyncPolicy",
            "role": "EC2RoleWithS3Access"
          },
          "sensitive_attributes": [],
          "private": "bnVsbA==",
          "dependencies": [
            "aws_iam_policy.s3_sync_policy",
            "aws_iam_role.ec2_role",
            "aws_s3_bucket.my_bucket",
            "random_string.bucket_suffix"
          ]
        }
      ]
    },
    {
      "mode": "managed",
      "type": "aws_instance",
      "name": "my_ec2",
      "provider": "provider[\"registry.terraform.io/hashicorp/aws\"]",
      "instances": [
        {
          "schema_version": 1,
          "attributes": {
            "ami": "ami-0e9085e60087ce171",
            "arn": "arn:aws:ec2:eu-west-1:615299750282:instance/i-040198fd97fca6600",
            "associate_public_ip_address": true,
            "availability_zone": "eu-west-1a",
            "capacity_reservation_specification": [
              {
                "capacity_reservation_preference": "open",
                "capacity_reservation_target": []
              }
            ],
            "cpu_core_count": 1,
            "cpu_options": [
              {
                "amd_sev_snp": "",
                "core_count": 1,
                "threads_per_core": 1
              }
            ],
            "cpu_threads_per_core": 1,
            "credit_specification": [
              {
                "cpu_credits": "standard"
              }
            ],
            "disable_api_stop": false,
            "disable_api_termination": false,
            "ebs_block_device": [],
            "ebs_optimized": false,
            "enclave_options": [
              {
                "enabled": false
              }
            ],
            "ephemeral_block_device": [],
            "get_password_data": false,
            "hibernation": false,
            "host_id": "",
            "host_resource_group_arn": null,
            "iam_instance_profile": "EC2InstanceProfileWithS3Access",
            "id": "i-040198fd97fca6600",
            "instance_initiated_shutdown_behavior": "stop",
            "instance_lifecycle": "",
            "instance_market_options": [],
            "instance_state": "running",
            "instance_type": "t2.micro",
            "ipv6_address_count": 0,
            "ipv6_addresses": [],
            "key_name": "terraform-key",
            "launch_template": [],
            "maintenance_options": [
              {
                "auto_recovery": "default"
              }
            ],
            "metadata_options": [
              {
                "http_endpoint": "enabled",
                "http_protocol_ipv6": "disabled",
                "http_put_response_hop_limit": 2,
                "http_tokens": "required",
                "instance_metadata_tags": "disabled"
              }
            ],
            "monitoring": false,
            "network_interface": [],
            "outpost_arn": "",
            "password_data": "",
            "placement_group": "",
            "placement_partition_number": 0,
            "primary_network_interface_id": "eni-003aab4f05c214cb0",
            "private_dns": "ip-172-31-29-136.eu-west-1.compute.internal",
            "private_dns_name_options": [
              {
                "enable_resource_name_dns_a_record": false,
                "enable_resource_name_dns_aaaa_record": false,
                "hostname_type": "ip-name"
              }
            ],
            "private_ip": "172.31.29.136",
            "public_dns": "ec2-52-209-221-233.eu-west-1.compute.amazonaws.com",
            "public_ip": "52.209.221.233",
            "root_block_device": [
              {
                "delete_on_termination": true,
                "device_name": "/dev/sda1",
                "encrypted": false,
                "iops": 3000,
                "kms_key_id": "",
                "tags": {},
                "tags_all": {},
                "throughput": 125,
                "volume_id": "vol-0f4f3dec91c762b2f",
                "volume_size": 8,
                "volume_type": "gp3"
              }
            ],
            "secondary_private_ips": [],
            "security_groups": [
              "default"
            ],
            "source_dest_check": true,
            "spot_instance_request_id": "",
            "subnet_id": "subnet-0c80dd3c4915d1ddb",
            "tags": {
              "Environment": "Dev",
              "Name": "MyWebServer"
            },
            "tags_all": {
              "Environment": "Dev",
              "Name": "MyWebServer"
            },
            "tenancy": "default",
            "timeouts": null,
            "user_data": "804c6d945bd0955d6fc8a1209fdbf09d40c910ad",
            "user_data_base64": null,
            "user_data_replace_on_change": false,
            "volume_tags": null,
            "vpc_security_group_ids": [
              "sg-0a561d37eca8580ae"
            ]
          },
          "sensitive_attributes": [],
          "private": "eyJlMmJmYjczMC1lY2FhLTExZTYtOGY4OC0zNDM2M2JjN2M0YzAiOnsiY3JlYXRlIjo2MDAwMDAwMDAwMDAsImRlbGV0ZSI6MTIwMDAwMDAwMDAwMCwicmVhZCI6OTAwMDAwMDAwMDAwLCJ1cGRhdGUiOjYwMDAwMDAwMDAwMH0sInNjaGVtYV92ZXJzaW9uIjoiMSJ9",
          "dependencies": [
            "aws_iam_instance_profile.ec2_instance_profile",
            "aws_iam_role.ec2_role",
            "aws_key_pair.generated_key",
            "aws_s3_bucket.my_bucket",
            "random_string.bucket_suffix",
            "tls_private_key.ssh_key"
          ]
        }
      ]
    },
    {
      "mode": "managed",
      "type": "aws_key_pair",
      "name": "generated_key",
      "provider": "provider[\"registry.terraform.io/hashicorp/aws\"]",
      "instances": [
        {
          "schema_version": 1,
          "attributes": {
            "arn": "arn:aws:ec2:eu-west-1:615299750282:key-pair/terraform-key",
            "fingerprint": "a8:f5:11:b8:16:e1:21:12:19:ea:40:50:7f:2b:a5:58",
            "id": "terraform-key",
            "key_name": "terraform-key",
            "key_name_prefix": "",
            "key_pair_id": "key-08854ff05e99983e2",
            "key_type": "rsa",
            "public_key": "ssh-rsa AAAAB3NzaC1yc2EAAAADAQABAAABAQDcJaL3QiGo0mK13dpHv1kxYvLc02t8Ur4WCzPPbG0zRXvQ0BO2xhbQTvaq9TFDFMJhOJKozbX5akmVoDYsnDTfK7URghdqEdh3smWsYpviXe2bzgtRg2n/63bzk418WQajU9sOzvdkODMq3wK7DNaBBRXGw/8MnmP+LNrqIOwNWxAxW2TP9ei5ny7Z1z3ViX5MIgEu4BEFp3mVZWTpQr1YFO+k+Lv9BxsKGmw8PaO1IvNdrS09GWhAdvwCfqbBqMn/5Zen/HBH5cy3X+gUSzxIsfeZ5A2yt5+OD7h5qcJhe/ZkZvM2Y8/s4MFTXab9VS4xW3dHhLiKlyTlEooHE/OR",
            "tags": null,
            "tags_all": {}
          },
          "sensitive_attributes": [],
          "private": "eyJzY2hlbWFfdmVyc2lvbiI6IjEifQ==",
          "dependencies": [
            "tls_private_key.ssh_key"
          ]
        }
      ]
    },
    {
      "mode": "managed",
      "type": "aws_lambda_function",
      "name": "my_lambda",
      "provider": "provider[\"registry.terraform.io/hashicorp/aws\"]",
      "instances": [
        {
          "schema_version": 0,
          "attributes": {
            "architectures": [
              "x86_64"
            ],
            "arn": "arn:aws:lambda:eu-west-1:615299750282:function:myLambdaFunction",
            "code_sha256": "TsDlRcNTJq1aLcv0OYflnfkWEyeaPjYCiK/1gweyKrQ=",
            "code_signing_config_arn": "",
            "dead_letter_config": [],
            "description": "",
            "environment": [
              {
                "variables": {
                  "BUCKET_NAME": "r0845037-al7tab2d",
                  "DB_HOST": "52.209.221.233",
                  "DB_NAME": "lambda",
                  "DB_PASSWORD": "Selvik12!",
                  "DB_USERNAME": "admin"
                }
              }
            ],
            "ephemeral_storage": [
              {
                "size": 512
              }
            ],
            "file_system_config": [],
            "filename": "lambda_function/lambda_function.zip",
            "function_name": "myLambdaFunction",
            "handler": "lambda_function.lambda_handler",
            "id": "myLambdaFunction",
            "image_config": [],
            "image_uri": "",
            "invoke_arn": "arn:aws:apigateway:eu-west-1:lambda:path/2015-03-31/functions/arn:aws:lambda:eu-west-1:615299750282:function:myLambdaFunction/invocations",
            "kms_key_arn": "",
            "last_modified": "2024-12-19T18:41:45.299+0000",
            "layers": null,
            "logging_config": [
              {
                "application_log_level": "",
                "log_format": "Text",
                "log_group": "/aws/lambda/myLambdaFunction",
                "system_log_level": ""
              }
            ],
            "memory_size": 128,
            "package_type": "Zip",
            "publish": false,
            "qualified_arn": "arn:aws:lambda:eu-west-1:615299750282:function:myLambdaFunction:$LATEST",
            "qualified_invoke_arn": "arn:aws:apigateway:eu-west-1:lambda:path/2015-03-31/functions/arn:aws:lambda:eu-west-1:615299750282:function:myLambdaFunction:$LATEST/invocations",
            "replace_security_groups_on_destroy": null,
            "replacement_security_group_ids": null,
            "reserved_concurrent_executions": -1,
            "role": "arn:aws:iam::615299750282:role/lambda_execution_role",
            "runtime": "python3.13",
            "s3_bucket": null,
            "s3_key": null,
            "s3_object_version": null,
            "signing_job_arn": "",
            "signing_profile_version_arn": "",
            "skip_destroy": false,
            "snap_start": [],
            "source_code_hash": "",
            "source_code_size": 5489705,
            "tags": null,
            "tags_all": {},
            "timeout": 3,
            "timeouts": null,
            "tracing_config": [
              {
                "mode": "PassThrough"
              }
            ],
            "version": "$LATEST",
            "vpc_config": []
          },
          "sensitive_attributes": [],
          "private": "eyJlMmJmYjczMC1lY2FhLTExZTYtOGY4OC0zNDM2M2JjN2M0YzAiOnsiY3JlYXRlIjo2MDAwMDAwMDAwMDAsImRlbGV0ZSI6NjAwMDAwMDAwMDAwLCJ1cGRhdGUiOjYwMDAwMDAwMDAwMH19",
          "dependencies": [
            "aws_iam_instance_profile.ec2_instance_profile",
            "aws_iam_role.ec2_role",
            "aws_iam_role.lambda_execution_role",
            "aws_instance.my_ec2",
            "aws_key_pair.generated_key",
            "aws_s3_bucket.my_bucket",
            "random_string.bucket_suffix",
            "tls_private_key.ssh_key"
          ]
        }
      ]
    },
    {
      "mode": "managed",
      "type": "aws_lambda_permission",
      "name": "allow_api_gateway",
      "provider": "provider[\"registry.terraform.io/hashicorp/aws\"]",
      "instances": [
        {
          "schema_version": 0,
          "attributes": {
            "action": "lambda:InvokeFunction",
            "event_source_token": null,
            "function_name": "myLambdaFunction",
            "function_url_auth_type": null,
            "id": "terraform-20241219184152330000000003",
            "principal": "apigateway.amazonaws.com",
            "principal_org_id": null,
            "qualifier": "",
            "source_account": null,
            "source_arn": "arn:aws:execute-api:eu-west-1:615299750282:jmk09ry1l2/*/*",
            "statement_id": "terraform-20241219184152330000000003",
            "statement_id_prefix": "terraform-"
          },
          "sensitive_attributes": [],
          "private": "bnVsbA==",
          "dependencies": [
            "aws_apigatewayv2_api.my_http_api",
            "aws_iam_instance_profile.ec2_instance_profile",
            "aws_iam_role.ec2_role",
            "aws_iam_role.lambda_execution_role",
            "aws_instance.my_ec2",
            "aws_key_pair.generated_key",
            "aws_lambda_function.my_lambda",
            "aws_s3_bucket.my_bucket",
            "random_string.bucket_suffix",
            "tls_private_key.ssh_key"
          ]
        }
      ]
    },
    {
      "mode": "managed",
      "type": "aws_s3_bucket",
      "name": "my_bucket",
      "provider": "provider[\"registry.terraform.io/hashicorp/aws\"]",
      "instances": [
        {
          "schema_version": 0,
          "attributes": {
            "acceleration_status": "",
            "acl": null,
            "arn": "arn:aws:s3:::r0845037-al7tab2d",
            "bucket": "r0845037-al7tab2d",
            "bucket_domain_name": "r0845037-al7tab2d.s3.amazonaws.com",
            "bucket_prefix": "",
            "bucket_regional_domain_name": "r0845037-al7tab2d.s3.eu-west-1.amazonaws.com",
            "cors_rule": [],
            "force_destroy": false,
            "grant": [
              {
                "id": "2eba78ce206da411aaa494d666d496c03b768267d8575963cbeb87cdde4deef3",
                "permissions": [
                  "FULL_CONTROL"
                ],
                "type": "CanonicalUser",
                "uri": ""
              }
            ],
            "hosted_zone_id": "Z1BKCTXD74EZPE",
            "id": "r0845037-al7tab2d",
            "lifecycle_rule": [],
            "logging": [],
            "object_lock_configuration": [],
            "object_lock_enabled": false,
            "policy": "",
            "region": "eu-west-1",
            "replication_configuration": [],
            "request_payer": "BucketOwner",
            "server_side_encryption_configuration": [
              {
                "rule": [
                  {
                    "apply_server_side_encryption_by_default": [
                      {
                        "kms_master_key_id": "",
                        "sse_algorithm": "AES256"
                      }
                    ],
                    "bucket_key_enabled": false
                  }
                ]
              }
            ],
            "tags": {
              "Environment": "Dev",
              "Name": "MyAppFileStorage"
            },
            "tags_all": {
              "Environment": "Dev",
              "Name": "MyAppFileStorage"
            },
            "timeouts": null,
            "versioning": [
              {
                "enabled": false,
                "mfa_delete": false
              }
            ],
            "website": [],
            "website_domain": null,
            "website_endpoint": null
          },
          "sensitive_attributes": [],
          "private": "eyJlMmJmYjczMC1lY2FhLTExZTYtOGY4OC0zNDM2M2JjN2M0YzAiOnsiY3JlYXRlIjoxMjAwMDAwMDAwMDAwLCJkZWxldGUiOjM2MDAwMDAwMDAwMDAsInJlYWQiOjEyMDAwMDAwMDAwMDAsInVwZGF0ZSI6MTIwMDAwMDAwMDAwMH19",
          "dependencies": [
            "random_string.bucket_suffix"
          ]
        }
      ]
    },
    {
      "mode": "managed",
      "type": "aws_security_group",
      "name": "ec2_mysql_sg",
      "provider": "provider[\"registry.terraform.io/hashicorp/aws\"]",
      "instances": [
        {
          "schema_version": 1,
          "attributes": {
            "arn": "arn:aws:ec2:eu-west-1:615299750282:security-group/sg-0c250b02eedb5cde7",
            "description": "Allow MySQL and HTTP access",
            "egress": [
              {
                "cidr_blocks": [
                  "0.0.0.0/0"
                ],
                "description": "",
                "from_port": 0,
                "ipv6_cidr_blocks": [],
                "prefix_list_ids": [],
                "protocol": "-1",
                "security_groups": [],
                "self": false,
                "to_port": 0
              }
            ],
            "id": "sg-0c250b02eedb5cde7",
            "ingress": [
              {
                "cidr_blocks": [
                  "0.0.0.0/0"
                ],
                "description": "",
                "from_port": 3306,
                "ipv6_cidr_blocks": [],
                "prefix_list_ids": [],
                "protocol": "tcp",
                "security_groups": [],
                "self": false,
                "to_port": 3306
              },
              {
                "cidr_blocks": [
                  "0.0.0.0/0"
                ],
                "description": "",
                "from_port": 80,
                "ipv6_cidr_blocks": [],
                "prefix_list_ids": [],
                "protocol": "tcp",
                "security_groups": [],
                "self": false,
                "to_port": 80
              }
            ],
            "name": "ec2_mysql_sg",
            "name_prefix": "",
            "owner_id": "615299750282",
            "revoke_rules_on_delete": false,
            "tags": null,
            "tags_all": {},
            "timeouts": null,
            "vpc_id": "vpc-0039e615ab52acfdc"
          },
          "sensitive_attributes": [],
          "private": "eyJlMmJmYjczMC1lY2FhLTExZTYtOGY4OC0zNDM2M2JjN2M0YzAiOnsiY3JlYXRlIjo2MDAwMDAwMDAwMDAsImRlbGV0ZSI6OTAwMDAwMDAwMDAwfSwic2NoZW1hX3ZlcnNpb24iOiIxIn0="
        }
      ]
    },
    {
      "mode": "managed",
      "type": "random_string",
      "name": "bucket_suffix",
      "provider": "provider[\"registry.terraform.io/hashicorp/random\"]",
      "instances": [
        {
          "schema_version": 2,
          "attributes": {
            "id": "al7tab2d",
            "keepers": null,
            "length": 8,
            "lower": true,
            "min_lower": 0,
            "min_numeric": 0,
            "min_special": 0,
            "min_upper": 0,
            "number": true,
            "numeric": true,
            "override_special": null,
            "result": "al7tab2d",
            "special": false,
            "upper": false
          },
          "sensitive_attributes": []
        }
      ]
    },
    {
      "mode": "managed",
      "type": "tls_private_key",
      "name": "ssh_key",
      "provider": "provider[\"registry.terraform.io/hashicorp/tls\"]",
      "instances": [
        {
          "schema_version": 1,
          "attributes": {
            "algorithm": "RSA",
            "ecdsa_curve": "P224",
            "id": "2255faa11c90d649993d52c9d37f013ec3e08143",
            "private_key_openssh": "-----BEGIN OPENSSH PRIVATE KEY-----\nb3BlbnNzaC1rZXktdjEAAAAABG5vbmUAAAAEbm9uZQAAAAAAAAABAAABFwAAAAdz\nc2gtcnNhAAAAAwEAAQAAAQEA3CWi90IhqNJitd3aR79ZMWLy3NNrfFK+Fgszz2xt\nM0V70NATtsYW0E72qvUxQxTCYTiSqM21+WpJlaA2LJw03yu1EYIXahHYd7JlrGKb\n4l3tm84LUYNp/+t285ONfFkGo1PbDs73ZDgzKt8CuwzWgQUVxsP/DJ5j/iza6iDs\nDVsQMVtkz/XouZ8u2dc91Yl+TCIBLuARBad5lWVk6UK9WBTvpPi7/QcbChpsPD2j\ntSLzXa0tPRloQHb8An6mwajJ/+WXp/xwR+XMt1/oFEs8SLH3meQNsrefjg+4eanC\nYXv2ZGbzNmPP7ODBU12m/VUuMVt3R4S4ipck5RKKBxPzkQAAA7gbcgrMG3IKzAAA\nAAdzc2gtcnNhAAABAQDcJaL3QiGo0mK13dpHv1kxYvLc02t8Ur4WCzPPbG0zRXvQ\n0BO2xhbQTvaq9TFDFMJhOJKozbX5akmVoDYsnDTfK7URghdqEdh3smWsYpviXe2b\nzgtRg2n/63bzk418WQajU9sOzvdkODMq3wK7DNaBBRXGw/8MnmP+LNrqIOwNWxAx\nW2TP9ei5ny7Z1z3ViX5MIgEu4BEFp3mVZWTpQr1YFO+k+Lv9BxsKGmw8PaO1IvNd\nrS09GWhAdvwCfqbBqMn/5Zen/HBH5cy3X+gUSzxIsfeZ5A2yt5+OD7h5qcJhe/Zk\nZvM2Y8/s4MFTXab9VS4xW3dHhLiKlyTlEooHE/ORAAAAAwEAAQAAAQEAnkZ46igj\npwrLaVH9s4PBDp7DWTyvlIywmYyoTUL5J9mW8UQISGoW0OFUuwjZyA7OybMwzihH\n4vAlw2uSR3RvFtyHq/TJ/Lqj1Trvmoay6Ib7Y/85Z/uBZDvYI7s8B+DBwv9xCS6H\n8wfs0a/QeMb8GXqcc3FKl7nwzjdVlOrii55NVD7JCqK0l5SRJLEGpac/Fiy7X1aD\nM9wsBto4rnw16iwIwEYvmAirhRHLFqE16Dt4HzMk9nrjwxAGdso65gyin4HasyFj\nQl+ExWUX1JpwtqdvlY/I/1Hf4TPZDRpNrTMCrryVuZhybH3C/kr/k4mjFUzKkd6P\nylw+ofS/2rTq2QAAAIAssEgvSmz5zhu+L80dC9oFecx4DpJi0sMkHwj0HFVMtKsr\neUiuEy232xM+Pf/lcBFk4tvn3k4KNEYrEkpJlqqKaC1b2q8T4xVtLAT/Ce7cN1OI\nREhd7cTs6axo2WkYDcft/vKSKJQvQoP2N18e6Paw5VNVibE3GF30FkKynrCJcAAA\nAIEA975PyYDLpy/+F2SL4SP63Z23P2OhG0i/MSYSztDdD/C7i/SDqBqqLwBB47sw\nGhwKIq1PgMPH6UJMAn6/BVDAb+esy94ssnY448rZh7V2xyoyJ9PLDw2OJuRXK4S0\nfadH6fosOXcUUkrx6zkKzNGSabvVStVl7ViW/0jN63Nr03MAAACBAON74QlHmnza\n+q4+VN+sNiOaIWwtfTXQjp1T9bbafJ/4iNk6kDj1f0XfMv6ebw9YCyd/F1A1uwSK\nVXm43APjdouOseZ1t2jeCX7laH+MLz0TU+6baEAvVWW9I/lMyIcMHCo5AkW/iatE\nHKxgNIDV/HmjpwMr/mGc7NUAuw17R4PrAAAAAAEC\n-----END OPENSSH PRIVATE KEY-----\n",
            "private_key_pem": "-----BEGIN RSA PRIVATE KEY-----\nMIIEpQIBAAKCAQEA3CWi90IhqNJitd3aR79ZMWLy3NNrfFK+Fgszz2xtM0V70NAT\ntsYW0E72qvUxQxTCYTiSqM21+WpJlaA2LJw03yu1EYIXahHYd7JlrGKb4l3tm84L\nUYNp/+t285ONfFkGo1PbDs73ZDgzKt8CuwzWgQUVxsP/DJ5j/iza6iDsDVsQMVtk\nz/XouZ8u2dc91Yl+TCIBLuARBad5lWVk6UK9WBTvpPi7/QcbChpsPD2jtSLzXa0t\nPRloQHb8An6mwajJ/+WXp/xwR+XMt1/oFEs8SLH3meQNsrefjg+4eanCYXv2ZGbz\nNmPP7ODBU12m/VUuMVt3R4S4ipck5RKKBxPzkQIDAQABAoIBAQCeRnjqKCOnCstp\nUf2zg8EOnsNZPK+UjLCZjKhNQvkn2ZbxRAhIahbQ4VS7CNnIDs7JszDOKEfi8CXD\na5JHdG8W3Ier9Mn8uqPVOu+ahrLohvtj/zln+4FkO9gjuzwH4MHC/3EJLofzB+zR\nr9B4xvwZepxzcUqXufDON1WU6uKLnk1UPskKorSXlJEksQalpz8WLLtfVoMz3CwG\n2jiufDXqLAjARi+YCKuFEcsWoTXoO3gfMyT2euPDEAZ2yjrmDKKfgdqzIWNCX4TF\nZRfUmnC2p2+Vj8j/Ud/hM9kNGk2tMwKuvJW5mHJsfcL+Sv+TiaMVTMqR3o/KXD6h\n9L/atOrZAoGBAPe+T8mAy6cv/hdki+Ej+t2dtz9joRtIvzEmEs7Q3Q/wu4v0g6ga\nqi8AQeO7MBocCiKtT4DDx+lCTAJ+vwVQwG/nrMveLLJ2OOPK2Ye1dscqMifTyw8N\njibkVyuEtH2nR+n6LDl3FFJK8es5CszRkmm71UrVZe1Ylv9Izetza9NzAoGBAON7\n4QlHmnza+q4+VN+sNiOaIWwtfTXQjp1T9bbafJ/4iNk6kDj1f0XfMv6ebw9YCyd/\nF1A1uwSKVXm43APjdouOseZ1t2jeCX7laH+MLz0TU+6baEAvVWW9I/lMyIcMHCo5\nAkW/iatEHKxgNIDV/HmjpwMr/mGc7NUAuw17R4PrAoGBANmN/yTVfIF5rKlAO3Hf\nFbqteDErPVvnWzY+1/9T/Py1iwyREVh66f3SPQpN5CTZgLEI/qr1wkT9WiBKy1ZQ\nnlzm1qBEn32sQbMP/EynNwIY9OhynXu/jJhspnvp0lIRpx45+cIQ5wCJHb5RXkGU\nu/0r3FcV5Kczx42wklv0BLkvAoGBAIGSYQaZG1y8mga/iDZy789tjlYAvw31AhaI\n6S9C2bOAq+oXmmhnJRxWWsR+18GEo63WjR/pyuF2LeOMMP2iBTbOi3Q6XsLDneMC\npnfoEEwYgzkomcPdciXmCuSIILwTYMOH/0xdIfxEapSgo6cyu4FJfuqml1lgOeHF\nbcXrDzwLAoGALLBIL0ps+c4bvi/NHQvaBXnMeA6SYtLDJB8I9BxVTLSrK3lIrhMt\nt9sTPj3/5XARZOLb595OCjRGKxJKSZaqimgtW9qvE+MVbSwE/wnu3DdTiERIXe3E\n7OmsaNlpGA3H7f7ykiiUL0KD9jdfHuj2sOVTVYmxNxhd9BZCsp6wiXA=\n-----END RSA PRIVATE KEY-----\n",
            "private_key_pem_pkcs8": "-----BEGIN PRIVATE KEY-----\nMIIEvwIBADANBgkqhkiG9w0BAQEFAASCBKkwggSlAgEAAoIBAQDcJaL3QiGo0mK1\n3dpHv1kxYvLc02t8Ur4WCzPPbG0zRXvQ0BO2xhbQTvaq9TFDFMJhOJKozbX5akmV\noDYsnDTfK7URghdqEdh3smWsYpviXe2bzgtRg2n/63bzk418WQajU9sOzvdkODMq\n3wK7DNaBBRXGw/8MnmP+LNrqIOwNWxAxW2TP9ei5ny7Z1z3ViX5MIgEu4BEFp3mV\nZWTpQr1YFO+k+Lv9BxsKGmw8PaO1IvNdrS09GWhAdvwCfqbBqMn/5Zen/HBH5cy3\nX+gUSzxIsfeZ5A2yt5+OD7h5qcJhe/ZkZvM2Y8/s4MFTXab9VS4xW3dHhLiKlyTl\nEooHE/ORAgMBAAECggEBAJ5GeOooI6cKy2lR/bODwQ6ew1k8r5SMsJmMqE1C+SfZ\nlvFECEhqFtDhVLsI2cgOzsmzMM4oR+LwJcNrkkd0bxbch6v0yfy6o9U675qGsuiG\n+2P/OWf7gWQ72CO7PAfgwcL/cQkuh/MH7NGv0HjG/Bl6nHNxSpe58M43VZTq4oue\nTVQ+yQqitJeUkSSxBqWnPxYsu19WgzPcLAbaOK58NeosCMBGL5gIq4URyxahNeg7\neB8zJPZ648MQBnbKOuYMop+B2rMhY0JfhMVlF9SacLanb5WPyP9R3+Ez2Q0aTa0z\nAq68lbmYcmx9wv5K/5OJoxVMypHej8pcPqH0v9q06tkCgYEA975PyYDLpy/+F2SL\n4SP63Z23P2OhG0i/MSYSztDdD/C7i/SDqBqqLwBB47swGhwKIq1PgMPH6UJMAn6/\nBVDAb+esy94ssnY448rZh7V2xyoyJ9PLDw2OJuRXK4S0fadH6fosOXcUUkrx6zkK\nzNGSabvVStVl7ViW/0jN63Nr03MCgYEA43vhCUeafNr6rj5U36w2I5ohbC19NdCO\nnVP1ttp8n/iI2TqQOPV/Rd8y/p5vD1gLJ38XUDW7BIpVebjcA+N2i46x5nW3aN4J\nfuVof4wvPRNT7ptoQC9VZb0j+UzIhwwcKjkCRb+Jq0QcrGA0gNX8eaOnAyv+YZzs\n1QC7DXtHg+sCgYEA2Y3/JNV8gXmsqUA7cd8Vuq14MSs9W+dbNj7X/1P8/LWLDJER\nWHrp/dI9Ck3kJNmAsQj+qvXCRP1aIErLVlCeXObWoESffaxBsw/8TKc3Ahj06HKd\ne7+MmGyme+nSUhGnHjn5whDnAIkdvlFeQZS7/SvcVxXkpzPHjbCSW/QEuS8CgYEA\ngZJhBpkbXLyaBr+INnLvz22OVgC/DfUCFojpL0LZs4Cr6heaaGclHFZaxH7XwYSj\nrdaNH+nK4XYt44ww/aIFNs6LdDpewsOd4wKmd+gQTBiDOSiZw91yJeYK5IggvBNg\nw4f/TF0h/ERqlKCjpzK7gUl+6qaXWWA54cVtxesPPAsCgYAssEgvSmz5zhu+L80d\nC9oFecx4DpJi0sMkHwj0HFVMtKsreUiuEy232xM+Pf/lcBFk4tvn3k4KNEYrEkpJ\nlqqKaC1b2q8T4xVtLAT/Ce7cN1OIREhd7cTs6axo2WkYDcft/vKSKJQvQoP2N18e\n6Paw5VNVibE3GF30FkKynrCJcA==\n-----END PRIVATE KEY-----\n",
            "public_key_fingerprint_md5": "f9:d0:58:da:3c:b9:35:10:5b:65:a6:9f:76:94:bc:f8",
            "public_key_fingerprint_sha256": "SHA256:BfWNj7YFNhK+u4uWGXQ0YigPlkejLpxmU3oEz177v0w",
            "public_key_openssh": "ssh-rsa AAAAB3NzaC1yc2EAAAADAQABAAABAQDcJaL3QiGo0mK13dpHv1kxYvLc02t8Ur4WCzPPbG0zRXvQ0BO2xhbQTvaq9TFDFMJhOJKozbX5akmVoDYsnDTfK7URghdqEdh3smWsYpviXe2bzgtRg2n/63bzk418WQajU9sOzvdkODMq3wK7DNaBBRXGw/8MnmP+LNrqIOwNWxAxW2TP9ei5ny7Z1z3ViX5MIgEu4BEFp3mVZWTpQr1YFO+k+Lv9BxsKGmw8PaO1IvNdrS09GWhAdvwCfqbBqMn/5Zen/HBH5cy3X+gUSzxIsfeZ5A2yt5+OD7h5qcJhe/ZkZvM2Y8/s4MFTXab9VS4xW3dHhLiKlyTlEooHE/OR\n",
            "public_key_pem": "-----BEGIN PUBLIC KEY-----\nMIIBIjANBgkqhkiG9w0BAQEFAAOCAQ8AMIIBCgKCAQEA3CWi90IhqNJitd3aR79Z\nMWLy3NNrfFK+Fgszz2xtM0V70NATtsYW0E72qvUxQxTCYTiSqM21+WpJlaA2LJw0\n3yu1EYIXahHYd7JlrGKb4l3tm84LUYNp/+t285ONfFkGo1PbDs73ZDgzKt8CuwzW\ngQUVxsP/DJ5j/iza6iDsDVsQMVtkz/XouZ8u2dc91Yl+TCIBLuARBad5lWVk6UK9\nWBTvpPi7/QcbChpsPD2jtSLzXa0tPRloQHb8An6mwajJ/+WXp/xwR+XMt1/oFEs8\nSLH3meQNsrefjg+4eanCYXv2ZGbzNmPP7ODBU12m/VUuMVt3R4S4ipck5RKKBxPz\nkQIDAQAB\n-----END PUBLIC KEY-----\n",
            "rsa_bits": 2048
          },
          "sensitive_attributes": [
            [
              {
                "type": "get_attr",
                "value": "private_key_pem"
              }
            ],
            [
              {
                "type": "get_attr",
                "value": "private_key_pem_pkcs8"
              }
            ],
            [
              {
                "type": "get_attr",
                "value": "private_key_openssh"
              }
            ]
          ]
        }
      ]
    }
  ],
  "check_results": null
}
